
Microsoft Visual Studio Solution File, Format Version 12.00
# Visual Studio Version 16
VisualStudioVersion = 16.0.31911.196
MinimumVisualStudioVersion = 10.0.40219.1
Project("{FAE04EC0-301F-11D3-BF4B-00C04F79EFBC}") = "bookrepositoryprogram", "bookrepositoryprogram\bookrepositoryprogram.csproj", "{6B9A5172-3D9F-4B2E-9A3E-4998A3B8D5FC}"
EndProject
Global
	GlobalSection(SolutionConfigurationPlatforms) = preSolution
		Debug|Any CPU = Debug|Any CPU
		Release|Any CPU = Release|Any CPU
	EndGlobalSection
	GlobalSection(ProjectConfigurationPlatforms) = postSolution
		{6B9A5172-3D9F-4B2E-9A3E-4998A3B8D5FC}.Debug|Any CPU.ActiveCfg = Debug|Any CPU
		{6B9A5172-3D9F-4B2E-9A3E-4998A3B8D5FC}.Debug|Any CPU.Build.0 = Debug|Any CPU
		{6B9A5172-3D9F-4B2E-9A3E-4998A3B8D5FC}.Release|Any CPU.ActiveCfg = Release|Any CPU
		{6B9A5172-3D9F-4B2E-9A3E-4998A3B8D5FC}.Release|Any CPU.Build.0 = Release|Any CPU
	EndGlobalSection
	GlobalSection(SolutionProperties) = preSolution
		HideSolutionNode = FALSE
	EndGlobalSection
	GlobalSection(ExtensibilityGlobals) = postSolution
		SolutionGuid = {2C79D3AB-9FDD-4529-BC76-280F23959A49}
	EndGlobalSection
EndGlobal
